// !$*UTF8*$!
{
	archiveVersion = 1;
	classes = {
	};
	objectVersion = 56;
	objects = {

/* Begin PBXBuildFile section */
		C05F3B452AAE8A360081FD06 /* onX_WeatherTests.swift in Sources */ = {isa = PBXBuildFile; fileRef = C05F3B442AAE8A360081FD06 /* onX_WeatherTests.swift */; };
		C05F3B4F2AAE8A360081FD06 /* onX_WeatherUITests.swift in Sources */ = {isa = PBXBuildFile; fileRef = C05F3B4E2AAE8A360081FD06 /* onX_WeatherUITests.swift */; };
		C05F3B512AAE8A360081FD06 /* onX_WeatherUITestsLaunchTests.swift in Sources */ = {isa = PBXBuildFile; fileRef = C05F3B502AAE8A360081FD06 /* onX_WeatherUITestsLaunchTests.swift */; };
		C05F3B842AAE8A850081FD06 /* Assets.xcassets in Resources */ = {isa = PBXBuildFile; fileRef = C05F3B5F2AAE8A840081FD06 /* Assets.xcassets */; };
		C05F3B852AAE8A850081FD06 /* Icons.xcassets in Resources */ = {isa = PBXBuildFile; fileRef = C05F3B602AAE8A840081FD06 /* Icons.xcassets */; };
		C05F3B862AAE8A850081FD06 /* BaseViewController.swift in Sources */ = {isa = PBXBuildFile; fileRef = C05F3B622AAE8A840081FD06 /* BaseViewController.swift */; };
		C05F3B872AAE8A850081FD06 /* MapViewController.swift in Sources */ = {isa = PBXBuildFile; fileRef = C05F3B632AAE8A840081FD06 /* MapViewController.swift */; };
		C05F3B882AAE8A850081FD06 /* WeatherStation.swift in Sources */ = {isa = PBXBuildFile; fileRef = C05F3B652AAE8A840081FD06 /* WeatherStation.swift */; };
		C05F3B8A2AAE8A850081FD06 /* GeographicalCoordinateSystem.swift in Sources */ = {isa = PBXBuildFile; fileRef = C05F3B672AAE8A840081FD06 /* GeographicalCoordinateSystem.swift */; };
		C05F3B8B2AAE8A850081FD06 /* LaunchScreen.storyboard in Resources */ = {isa = PBXBuildFile; fileRef = C05F3B682AAE8A840081FD06 /* LaunchScreen.storyboard */; };
		C05F3B8C2AAE8A850081FD06 /* String+OnX.swift in Sources */ = {isa = PBXBuildFile; fileRef = C05F3B6B2AAE8A840081FD06 /* String+OnX.swift */; };
		C05F3B8D2AAE8A850081FD06 /* UIColor+OnX.swift in Sources */ = {isa = PBXBuildFile; fileRef = C05F3B6C2AAE8A840081FD06 /* UIColor+OnX.swift */; };
		C05F3B8E2AAE8A850081FD06 /* NSObject+OnX.swift in Sources */ = {isa = PBXBuildFile; fileRef = C05F3B6D2AAE8A840081FD06 /* NSObject+OnX.swift */; };
		C05F3B8F2AAE8A850081FD06 /* MKMapView+OnX.swift in Sources */ = {isa = PBXBuildFile; fileRef = C05F3B6E2AAE8A840081FD06 /* MKMapView+OnX.swift */; };
		C05F3B902AAE8A850081FD06 /* UIView+OnX.swift in Sources */ = {isa = PBXBuildFile; fileRef = C05F3B6F2AAE8A840081FD06 /* UIView+OnX.swift */; };
		C05F3B912AAE8A850081FD06 /* DateFormatter+OnX.swift in Sources */ = {isa = PBXBuildFile; fileRef = C05F3B702AAE8A840081FD06 /* DateFormatter+OnX.swift */; };
		C05F3B922AAE8A850081FD06 /* UIImage+OnX.swift in Sources */ = {isa = PBXBuildFile; fileRef = C05F3B712AAE8A840081FD06 /* UIImage+OnX.swift */; };
		C05F3B932AAE8A850081FD06 /* Double+OnX.swift in Sources */ = {isa = PBXBuildFile; fileRef = C05F3B722AAE8A840081FD06 /* Double+OnX.swift */; };
		C05F3B942AAE8A850081FD06 /* UISegmentedControl+OnX.swift in Sources */ = {isa = PBXBuildFile; fileRef = C05F3B732AAE8A840081FD06 /* UISegmentedControl+OnX.swift */; };
		C05F3B952AAE8A850081FD06 /* Environment.swift in Sources */ = {isa = PBXBuildFile; fileRef = C05F3B752AAE8A840081FD06 /* Environment.swift */; };
		C05F3B962AAE8A850081FD06 /* Log.swift in Sources */ = {isa = PBXBuildFile; fileRef = C05F3B762AAE8A840081FD06 /* Log.swift */; };
		C05F3B972AAE8A850081FD06 /* DummyData.swift in Sources */ = {isa = PBXBuildFile; fileRef = C05F3B772AAE8A840081FD06 /* DummyData.swift */; };
		C05F3B982AAE8A850081FD06 /* LocationFormatter.swift in Sources */ = {isa = PBXBuildFile; fileRef = C05F3B792AAE8A840081FD06 /* LocationFormatter.swift */; };
		C05F3B992AAE8A850081FD06 /* AppDelegate.swift in Sources */ = {isa = PBXBuildFile; fileRef = C05F3B7A2AAE8A840081FD06 /* AppDelegate.swift */; };
		C05F3B9A2AAE8A850081FD06 /* ShowsWeatherData.swift in Sources */ = {isa = PBXBuildFile; fileRef = C05F3B7C2AAE8A840081FD06 /* ShowsWeatherData.swift */; };
		C05F3B9B2AAE8A850081FD06 /* ShowsMap.swift in Sources */ = {isa = PBXBuildFile; fileRef = C05F3B7D2AAE8A840081FD06 /* ShowsMap.swift */; };
		C05F3B9C2AAE8A850081FD06 /* LocationHandler.swift in Sources */ = {isa = PBXBuildFile; fileRef = C05F3B7F2AAE8A840081FD06 /* LocationHandler.swift */; };
		C05F3B9D2AAE8A850081FD06 /* APIHandler.swift in Sources */ = {isa = PBXBuildFile; fileRef = C05F3B802AAE8A840081FD06 /* APIHandler.swift */; };
		C06C34A72AAF6EE300019187 /* WeatherStationAnnotationView.swift in Sources */ = {isa = PBXBuildFile; fileRef = C06C34A62AAF6EE300019187 /* WeatherStationAnnotationView.swift */; };
		C06C34AA2AAF814900019187 /* MapViewControllerComposition.swift in Sources */ = {isa = PBXBuildFile; fileRef = C06C34A92AAF814900019187 /* MapViewControllerComposition.swift */; };
		C06C34AC2AAF85A200019187 /* BouncesWhenPresented.swift in Sources */ = {isa = PBXBuildFile; fileRef = C06C34AB2AAF85A200019187 /* BouncesWhenPresented.swift */; };
		C0D679922AB0249E00DB72E0 /* CustomCalloutView.swift in Sources */ = {isa = PBXBuildFile; fileRef = C0D679912AB0249E00DB72E0 /* CustomCalloutView.swift */; };
/* End PBXBuildFile section */

/* Begin PBXContainerItemProxy section */
		C05F3B412AAE8A360081FD06 /* PBXContainerItemProxy */ = {
			isa = PBXContainerItemProxy;
			containerPortal = C05F3B222AAE8A350081FD06 /* Project object */;
			proxyType = 1;
			remoteGlobalIDString = C05F3B292AAE8A350081FD06;
			remoteInfo = "onX Weather";
		};
		C05F3B4B2AAE8A360081FD06 /* PBXContainerItemProxy */ = {
			isa = PBXContainerItemProxy;
			containerPortal = C05F3B222AAE8A350081FD06 /* Project object */;
			proxyType = 1;
			remoteGlobalIDString = C05F3B292AAE8A350081FD06;
			remoteInfo = "onX Weather";
		};
/* End PBXContainerItemProxy section */

/* Begin PBXFileReference section */
		C05F3B2A2AAE8A350081FD06 /* onX Weather.app */ = {isa = PBXFileReference; explicitFileType = wrapper.application; includeInIndex = 0; path = "onX Weather.app"; sourceTree = BUILT_PRODUCTS_DIR; };
		C05F3B402AAE8A360081FD06 /* onX WeatherTests.xctest */ = {isa = PBXFileReference; explicitFileType = wrapper.cfbundle; includeInIndex = 0; path = "onX WeatherTests.xctest"; sourceTree = BUILT_PRODUCTS_DIR; };
		C05F3B442AAE8A360081FD06 /* onX_WeatherTests.swift */ = {isa = PBXFileReference; lastKnownFileType = sourcecode.swift; path = onX_WeatherTests.swift; sourceTree = "<group>"; };
		C05F3B4A2AAE8A360081FD06 /* onX WeatherUITests.xctest */ = {isa = PBXFileReference; explicitFileType = wrapper.cfbundle; includeInIndex = 0; path = "onX WeatherUITests.xctest"; sourceTree = BUILT_PRODUCTS_DIR; };
		C05F3B4E2AAE8A360081FD06 /* onX_WeatherUITests.swift */ = {isa = PBXFileReference; lastKnownFileType = sourcecode.swift; path = onX_WeatherUITests.swift; sourceTree = "<group>"; };
		C05F3B502AAE8A360081FD06 /* onX_WeatherUITestsLaunchTests.swift */ = {isa = PBXFileReference; lastKnownFileType = sourcecode.swift; path = onX_WeatherUITestsLaunchTests.swift; sourceTree = "<group>"; };
		C05F3B5F2AAE8A840081FD06 /* Assets.xcassets */ = {isa = PBXFileReference; lastKnownFileType = folder.assetcatalog; path = Assets.xcassets; sourceTree = "<group>"; };
		C05F3B602AAE8A840081FD06 /* Icons.xcassets */ = {isa = PBXFileReference; lastKnownFileType = folder.assetcatalog; path = Icons.xcassets; sourceTree = "<group>"; };
		C05F3B622AAE8A840081FD06 /* BaseViewController.swift */ = {isa = PBXFileReference; fileEncoding = 4; lastKnownFileType = sourcecode.swift; path = BaseViewController.swift; sourceTree = "<group>"; };
		C05F3B632AAE8A840081FD06 /* MapViewController.swift */ = {isa = PBXFileReference; fileEncoding = 4; lastKnownFileType = sourcecode.swift; path = MapViewController.swift; sourceTree = "<group>"; };
		C05F3B652AAE8A840081FD06 /* WeatherStation.swift */ = {isa = PBXFileReference; fileEncoding = 4; lastKnownFileType = sourcecode.swift; path = WeatherStation.swift; sourceTree = "<group>"; };
		C05F3B672AAE8A840081FD06 /* GeographicalCoordinateSystem.swift */ = {isa = PBXFileReference; fileEncoding = 4; lastKnownFileType = sourcecode.swift; path = GeographicalCoordinateSystem.swift; sourceTree = "<group>"; };
		C05F3B692AAE8A840081FD06 /* Base */ = {isa = PBXFileReference; lastKnownFileType = file.storyboard; name = Base; path = Base.lproj/LaunchScreen.storyboard; sourceTree = "<group>"; };
		C05F3B6B2AAE8A840081FD06 /* String+OnX.swift */ = {isa = PBXFileReference; fileEncoding = 4; lastKnownFileType = sourcecode.swift; path = "String+OnX.swift"; sourceTree = "<group>"; };
		C05F3B6C2AAE8A840081FD06 /* UIColor+OnX.swift */ = {isa = PBXFileReference; fileEncoding = 4; lastKnownFileType = sourcecode.swift; path = "UIColor+OnX.swift"; sourceTree = "<group>"; };
		C05F3B6D2AAE8A840081FD06 /* NSObject+OnX.swift */ = {isa = PBXFileReference; fileEncoding = 4; lastKnownFileType = sourcecode.swift; path = "NSObject+OnX.swift"; sourceTree = "<group>"; };
		C05F3B6E2AAE8A840081FD06 /* MKMapView+OnX.swift */ = {isa = PBXFileReference; fileEncoding = 4; lastKnownFileType = sourcecode.swift; path = "MKMapView+OnX.swift"; sourceTree = "<group>"; };
		C05F3B6F2AAE8A840081FD06 /* UIView+OnX.swift */ = {isa = PBXFileReference; fileEncoding = 4; lastKnownFileType = sourcecode.swift; path = "UIView+OnX.swift"; sourceTree = "<group>"; };
		C05F3B702AAE8A840081FD06 /* DateFormatter+OnX.swift */ = {isa = PBXFileReference; fileEncoding = 4; lastKnownFileType = sourcecode.swift; path = "DateFormatter+OnX.swift"; sourceTree = "<group>"; };
		C05F3B712AAE8A840081FD06 /* UIImage+OnX.swift */ = {isa = PBXFileReference; fileEncoding = 4; lastKnownFileType = sourcecode.swift; path = "UIImage+OnX.swift"; sourceTree = "<group>"; };
		C05F3B722AAE8A840081FD06 /* Double+OnX.swift */ = {isa = PBXFileReference; fileEncoding = 4; lastKnownFileType = sourcecode.swift; path = "Double+OnX.swift"; sourceTree = "<group>"; };
		C05F3B732AAE8A840081FD06 /* UISegmentedControl+OnX.swift */ = {isa = PBXFileReference; fileEncoding = 4; lastKnownFileType = sourcecode.swift; path = "UISegmentedControl+OnX.swift"; sourceTree = "<group>"; };
		C05F3B752AAE8A840081FD06 /* Environment.swift */ = {isa = PBXFileReference; fileEncoding = 4; lastKnownFileType = sourcecode.swift; path = Environment.swift; sourceTree = "<group>"; };
		C05F3B762AAE8A840081FD06 /* Log.swift */ = {isa = PBXFileReference; fileEncoding = 4; lastKnownFileType = sourcecode.swift; path = Log.swift; sourceTree = "<group>"; };
		C05F3B772AAE8A840081FD06 /* DummyData.swift */ = {isa = PBXFileReference; fileEncoding = 4; lastKnownFileType = sourcecode.swift; path = DummyData.swift; sourceTree = "<group>"; };
		C05F3B792AAE8A840081FD06 /* LocationFormatter.swift */ = {isa = PBXFileReference; fileEncoding = 4; lastKnownFileType = sourcecode.swift; path = LocationFormatter.swift; sourceTree = "<group>"; };
		C05F3B7A2AAE8A840081FD06 /* AppDelegate.swift */ = {isa = PBXFileReference; fileEncoding = 4; lastKnownFileType = sourcecode.swift; path = AppDelegate.swift; sourceTree = "<group>"; };
		C05F3B7C2AAE8A840081FD06 /* ShowsWeatherData.swift */ = {isa = PBXFileReference; fileEncoding = 4; lastKnownFileType = sourcecode.swift; path = ShowsWeatherData.swift; sourceTree = "<group>"; };
		C05F3B7D2AAE8A840081FD06 /* ShowsMap.swift */ = {isa = PBXFileReference; fileEncoding = 4; lastKnownFileType = sourcecode.swift; path = ShowsMap.swift; sourceTree = "<group>"; };
		C05F3B7F2AAE8A840081FD06 /* LocationHandler.swift */ = {isa = PBXFileReference; fileEncoding = 4; lastKnownFileType = sourcecode.swift; path = LocationHandler.swift; sourceTree = "<group>"; };
		C05F3B802AAE8A840081FD06 /* APIHandler.swift */ = {isa = PBXFileReference; fileEncoding = 4; lastKnownFileType = sourcecode.swift; path = APIHandler.swift; sourceTree = "<group>"; };
		C05F3B812AAE8A840081FD06 /* Info.plist */ = {isa = PBXFileReference; fileEncoding = 4; lastKnownFileType = text.plist.xml; path = Info.plist; sourceTree = "<group>"; };
		C06C34A62AAF6EE300019187 /* WeatherStationAnnotationView.swift */ = {isa = PBXFileReference; lastKnownFileType = sourcecode.swift; path = WeatherStationAnnotationView.swift; sourceTree = "<group>"; };
		C06C34A92AAF814900019187 /* MapViewControllerComposition.swift */ = {isa = PBXFileReference; lastKnownFileType = sourcecode.swift; path = MapViewControllerComposition.swift; sourceTree = "<group>"; };
		C06C34AB2AAF85A200019187 /* BouncesWhenPresented.swift */ = {isa = PBXFileReference; lastKnownFileType = sourcecode.swift; path = BouncesWhenPresented.swift; sourceTree = "<group>"; };
		C0D679912AB0249E00DB72E0 /* CustomCalloutView.swift */ = {isa = PBXFileReference; lastKnownFileType = sourcecode.swift; path = CustomCalloutView.swift; sourceTree = "<group>"; };
/* End PBXFileReference section */

/* Begin PBXFrameworksBuildPhase section */
		C05F3B272AAE8A350081FD06 /* Frameworks */ = {
			isa = PBXFrameworksBuildPhase;
			buildActionMask = 2147483647;
			files = (
			);
			runOnlyForDeploymentPostprocessing = 0;
		};
		C05F3B3D2AAE8A360081FD06 /* Frameworks */ = {
			isa = PBXFrameworksBuildPhase;
			buildActionMask = 2147483647;
			files = (
			);
			runOnlyForDeploymentPostprocessing = 0;
		};
		C05F3B472AAE8A360081FD06 /* Frameworks */ = {
			isa = PBXFrameworksBuildPhase;
			buildActionMask = 2147483647;
			files = (
			);
			runOnlyForDeploymentPostprocessing = 0;
		};
/* End PBXFrameworksBuildPhase section */

/* Begin PBXGroup section */
		C05F3B212AAE8A350081FD06 = {
			isa = PBXGroup;
			children = (
				C05F3B5D2AAE8A840081FD06 /* onX Weather */,
				C05F3B432AAE8A360081FD06 /* onX WeatherTests */,
				C05F3B4D2AAE8A360081FD06 /* onX WeatherUITests */,
				C05F3B2B2AAE8A350081FD06 /* Products */,
			);
			sourceTree = "<group>";
		};
		C05F3B2B2AAE8A350081FD06 /* Products */ = {
			isa = PBXGroup;
			children = (
				C05F3B2A2AAE8A350081FD06 /* onX Weather.app */,
				C05F3B402AAE8A360081FD06 /* onX WeatherTests.xctest */,
				C05F3B4A2AAE8A360081FD06 /* onX WeatherUITests.xctest */,
			);
			name = Products;
			sourceTree = "<group>";
		};
		C05F3B432AAE8A360081FD06 /* onX WeatherTests */ = {
			isa = PBXGroup;
			children = (
				C05F3B442AAE8A360081FD06 /* onX_WeatherTests.swift */,
			);
			path = "onX WeatherTests";
			sourceTree = "<group>";
		};
		C05F3B4D2AAE8A360081FD06 /* onX WeatherUITests */ = {
			isa = PBXGroup;
			children = (
				C05F3B4E2AAE8A360081FD06 /* onX_WeatherUITests.swift */,
				C05F3B502AAE8A360081FD06 /* onX_WeatherUITestsLaunchTests.swift */,
			);
			path = "onX WeatherUITests";
			sourceTree = "<group>";
		};
		C05F3B5D2AAE8A840081FD06 /* onX Weather */ = {
			isa = PBXGroup;
			children = (
				C05F3B5F2AAE8A840081FD06 /* Assets.xcassets */,
				C05F3B602AAE8A840081FD06 /* Icons.xcassets */,
				C05F3B812AAE8A840081FD06 /* Info.plist */,
				C05F3B682AAE8A840081FD06 /* LaunchScreen.storyboard */,
				C05F3B7A2AAE8A840081FD06 /* AppDelegate.swift */,
				C05F3B6A2AAE8A840081FD06 /* Extensions */,
				C05F3B7E2AAE8A840081FD06 /* Handlers */,
				C05F3B642AAE8A840081FD06 /* Models */,
				C05F3B7B2AAE8A840081FD06 /* Protocols */,
				C05F3B742AAE8A840081FD06 /* Utilities */,
				C06C34A52AAF6EC200019187 /* Views */,
				C05F3B612AAE8A840081FD06 /* View Controllers */,
			);
			path = "onX Weather";
			sourceTree = "<group>";
		};
		C05F3B612AAE8A840081FD06 /* View Controllers */ = {
			isa = PBXGroup;
			children = (
				C05F3B622AAE8A840081FD06 /* BaseViewController.swift */,
				C05F3B632AAE8A840081FD06 /* MapViewController.swift */,
			);
			path = "View Controllers";
			sourceTree = "<group>";
		};
		C05F3B642AAE8A840081FD06 /* Models */ = {
			isa = PBXGroup;
			children = (
				C05F3B652AAE8A840081FD06 /* WeatherStation.swift */,
				C05F3B672AAE8A840081FD06 /* GeographicalCoordinateSystem.swift */,
			);
			path = Models;
			sourceTree = "<group>";
		};
		C05F3B6A2AAE8A840081FD06 /* Extensions */ = {
			isa = PBXGroup;
			children = (
				C05F3B6B2AAE8A840081FD06 /* String+OnX.swift */,
				C05F3B6C2AAE8A840081FD06 /* UIColor+OnX.swift */,
				C05F3B6D2AAE8A840081FD06 /* NSObject+OnX.swift */,
				C05F3B6E2AAE8A840081FD06 /* MKMapView+OnX.swift */,
				C05F3B6F2AAE8A840081FD06 /* UIView+OnX.swift */,
				C05F3B702AAE8A840081FD06 /* DateFormatter+OnX.swift */,
				C05F3B712AAE8A840081FD06 /* UIImage+OnX.swift */,
				C05F3B722AAE8A840081FD06 /* Double+OnX.swift */,
				C05F3B732AAE8A840081FD06 /* UISegmentedControl+OnX.swift */,
			);
			path = Extensions;
			sourceTree = "<group>";
		};
		C05F3B742AAE8A840081FD06 /* Utilities */ = {
			isa = PBXGroup;
			children = (
				C05F3B752AAE8A840081FD06 /* Environment.swift */,
				C05F3B762AAE8A840081FD06 /* Log.swift */,
				C05F3B772AAE8A840081FD06 /* DummyData.swift */,
				C05F3B782AAE8A840081FD06 /* Formatters */,
			);
			path = Utilities;
			sourceTree = "<group>";
		};
		C05F3B782AAE8A840081FD06 /* Formatters */ = {
			isa = PBXGroup;
			children = (
				C05F3B792AAE8A840081FD06 /* LocationFormatter.swift */,
			);
			path = Formatters;
			sourceTree = "<group>";
		};
		C05F3B7B2AAE8A840081FD06 /* Protocols */ = {
			isa = PBXGroup;
			children = (
				C06C34A92AAF814900019187 /* MapViewControllerComposition.swift */,
				C05F3B7C2AAE8A840081FD06 /* ShowsWeatherData.swift */,
				C05F3B7D2AAE8A840081FD06 /* ShowsMap.swift */,
				C06C34AB2AAF85A200019187 /* BouncesWhenPresented.swift */,
			);
			path = Protocols;
			sourceTree = "<group>";
		};
		C05F3B7E2AAE8A840081FD06 /* Handlers */ = {
			isa = PBXGroup;
			children = (
				C05F3B7F2AAE8A840081FD06 /* LocationHandler.swift */,
				C05F3B802AAE8A840081FD06 /* APIHandler.swift */,
			);
			path = Handlers;
			sourceTree = "<group>";
		};
		C06C34A52AAF6EC200019187 /* Views */ = {
			isa = PBXGroup;
			children = (
				C06C34A62AAF6EE300019187 /* WeatherStationAnnotationView.swift */,
				C0D679912AB0249E00DB72E0 /* CustomCalloutView.swift */,
			);
			path = Views;
			sourceTree = "<group>";
		};
/* End PBXGroup section */

/* Begin PBXNativeTarget section */
		C05F3B292AAE8A350081FD06 /* onX Weather */ = {
			isa = PBXNativeTarget;
			buildConfigurationList = C05F3B542AAE8A360081FD06 /* Build configuration list for PBXNativeTarget "onX Weather" */;
			buildPhases = (
				C05F3B262AAE8A350081FD06 /* Sources */,
				C05F3B272AAE8A350081FD06 /* Frameworks */,
				C05F3B282AAE8A350081FD06 /* Resources */,
			);
			buildRules = (
			);
			dependencies = (
			);
			name = "onX Weather";
			productName = "onX Weather";
			productReference = C05F3B2A2AAE8A350081FD06 /* onX Weather.app */;
			productType = "com.apple.product-type.application";
		};
		C05F3B3F2AAE8A360081FD06 /* onX WeatherTests */ = {
			isa = PBXNativeTarget;
			buildConfigurationList = C05F3B572AAE8A360081FD06 /* Build configuration list for PBXNativeTarget "onX WeatherTests" */;
			buildPhases = (
				C05F3B3C2AAE8A360081FD06 /* Sources */,
				C05F3B3D2AAE8A360081FD06 /* Frameworks */,
				C05F3B3E2AAE8A360081FD06 /* Resources */,
			);
			buildRules = (
			);
			dependencies = (
				C05F3B422AAE8A360081FD06 /* PBXTargetDependency */,
			);
			name = "onX WeatherTests";
			productName = "onX WeatherTests";
			productReference = C05F3B402AAE8A360081FD06 /* onX WeatherTests.xctest */;
			productType = "com.apple.product-type.bundle.unit-test";
		};
		C05F3B492AAE8A360081FD06 /* onX WeatherUITests */ = {
			isa = PBXNativeTarget;
			buildConfigurationList = C05F3B5A2AAE8A360081FD06 /* Build configuration list for PBXNativeTarget "onX WeatherUITests" */;
			buildPhases = (
				C05F3B462AAE8A360081FD06 /* Sources */,
				C05F3B472AAE8A360081FD06 /* Frameworks */,
				C05F3B482AAE8A360081FD06 /* Resources */,
			);
			buildRules = (
			);
			dependencies = (
				C05F3B4C2AAE8A360081FD06 /* PBXTargetDependency */,
			);
			name = "onX WeatherUITests";
			productName = "onX WeatherUITests";
			productReference = C05F3B4A2AAE8A360081FD06 /* onX WeatherUITests.xctest */;
			productType = "com.apple.product-type.bundle.ui-testing";
		};
/* End PBXNativeTarget section */

/* Begin PBXProject section */
		C05F3B222AAE8A350081FD06 /* Project object */ = {
			isa = PBXProject;
			attributes = {
				BuildIndependentTargetsInParallel = 1;
				LastSwiftUpdateCheck = 1430;
				LastUpgradeCheck = 1430;
				TargetAttributes = {
					C05F3B292AAE8A350081FD06 = {
						CreatedOnToolsVersion = 14.3.1;
					};
					C05F3B3F2AAE8A360081FD06 = {
						CreatedOnToolsVersion = 14.3.1;
						TestTargetID = C05F3B292AAE8A350081FD06;
					};
					C05F3B492AAE8A360081FD06 = {
						CreatedOnToolsVersion = 14.3.1;
						TestTargetID = C05F3B292AAE8A350081FD06;
					};
				};
			};
			buildConfigurationList = C05F3B252AAE8A350081FD06 /* Build configuration list for PBXProject "onX Weather" */;
			compatibilityVersion = "Xcode 14.0";
			developmentRegion = en;
			hasScannedForEncodings = 0;
			knownRegions = (
				en,
				Base,
			);
			mainGroup = C05F3B212AAE8A350081FD06;
			productRefGroup = C05F3B2B2AAE8A350081FD06 /* Products */;
			projectDirPath = "";
			projectRoot = "";
			targets = (
				C05F3B292AAE8A350081FD06 /* onX Weather */,
				C05F3B3F2AAE8A360081FD06 /* onX WeatherTests */,
				C05F3B492AAE8A360081FD06 /* onX WeatherUITests */,
			);
		};
/* End PBXProject section */

/* Begin PBXResourcesBuildPhase section */
		C05F3B282AAE8A350081FD06 /* Resources */ = {
			isa = PBXResourcesBuildPhase;
			buildActionMask = 2147483647;
			files = (
				C05F3B842AAE8A850081FD06 /* Assets.xcassets in Resources */,
				C05F3B8B2AAE8A850081FD06 /* LaunchScreen.storyboard in Resources */,
				C05F3B852AAE8A850081FD06 /* Icons.xcassets in Resources */,
			);
			runOnlyForDeploymentPostprocessing = 0;
		};
		C05F3B3E2AAE8A360081FD06 /* Resources */ = {
			isa = PBXResourcesBuildPhase;
			buildActionMask = 2147483647;
			files = (
			);
			runOnlyForDeploymentPostprocessing = 0;
		};
		C05F3B482AAE8A360081FD06 /* Resources */ = {
			isa = PBXResourcesBuildPhase;
			buildActionMask = 2147483647;
			files = (
			);
			runOnlyForDeploymentPostprocessing = 0;
		};
/* End PBXResourcesBuildPhase section */

/* Begin PBXSourcesBuildPhase section */
		C05F3B262AAE8A350081FD06 /* Sources */ = {
			isa = PBXSourcesBuildPhase;
			buildActionMask = 2147483647;
			files = (
				C05F3B882AAE8A850081FD06 /* WeatherStation.swift in Sources */,
				C05F3B862AAE8A850081FD06 /* BaseViewController.swift in Sources */,
				C05F3B962AAE8A850081FD06 /* Log.swift in Sources */,
				C05F3B972AAE8A850081FD06 /* DummyData.swift in Sources */,
				C05F3B942AAE8A850081FD06 /* UISegmentedControl+OnX.swift in Sources */,
				C05F3B932AAE8A850081FD06 /* Double+OnX.swift in Sources */,
				C05F3B8F2AAE8A850081FD06 /* MKMapView+OnX.swift in Sources */,
				C05F3B9C2AAE8A850081FD06 /* LocationHandler.swift in Sources */,
				C05F3B9A2AAE8A850081FD06 /* ShowsWeatherData.swift in Sources */,
				C06C34A72AAF6EE300019187 /* WeatherStationAnnotationView.swift in Sources */,
				C0D679922AB0249E00DB72E0 /* CustomCalloutView.swift in Sources */,
				C05F3B8D2AAE8A850081FD06 /* UIColor+OnX.swift in Sources */,
				C05F3B9B2AAE8A850081FD06 /* ShowsMap.swift in Sources */,
				C05F3B902AAE8A850081FD06 /* UIView+OnX.swift in Sources */,
				C06C34AA2AAF814900019187 /* MapViewControllerComposition.swift in Sources */,
				C05F3B872AAE8A850081FD06 /* MapViewController.swift in Sources */,
				C05F3B912AAE8A850081FD06 /* DateFormatter+OnX.swift in Sources */,
				C05F3B982AAE8A850081FD06 /* LocationFormatter.swift in Sources */,
				C05F3B9D2AAE8A850081FD06 /* APIHandler.swift in Sources */,
				C05F3B8A2AAE8A850081FD06 /* GeographicalCoordinateSystem.swift in Sources */,
				C05F3B8E2AAE8A850081FD06 /* NSObject+OnX.swift in Sources */,
				C05F3B952AAE8A850081FD06 /* Environment.swift in Sources */,
				C06C34AC2AAF85A200019187 /* BouncesWhenPresented.swift in Sources */,
				C05F3B922AAE8A850081FD06 /* UIImage+OnX.swift in Sources */,
				C05F3B8C2AAE8A850081FD06 /* String+OnX.swift in Sources */,
				C05F3B992AAE8A850081FD06 /* AppDelegate.swift in Sources */,
			);
			runOnlyForDeploymentPostprocessing = 0;
		};
		C05F3B3C2AAE8A360081FD06 /* Sources */ = {
			isa = PBXSourcesBuildPhase;
			buildActionMask = 2147483647;
			files = (
				C05F3B452AAE8A360081FD06 /* onX_WeatherTests.swift in Sources */,
			);
			runOnlyForDeploymentPostprocessing = 0;
		};
		C05F3B462AAE8A360081FD06 /* Sources */ = {
			isa = PBXSourcesBuildPhase;
			buildActionMask = 2147483647;
			files = (
				C05F3B4F2AAE8A360081FD06 /* onX_WeatherUITests.swift in Sources */,
				C05F3B512AAE8A360081FD06 /* onX_WeatherUITestsLaunchTests.swift in Sources */,
			);
			runOnlyForDeploymentPostprocessing = 0;
		};
/* End PBXSourcesBuildPhase section */

/* Begin PBXTargetDependency section */
		C05F3B422AAE8A360081FD06 /* PBXTargetDependency */ = {
			isa = PBXTargetDependency;
			target = C05F3B292AAE8A350081FD06 /* onX Weather */;
			targetProxy = C05F3B412AAE8A360081FD06 /* PBXContainerItemProxy */;
		};
		C05F3B4C2AAE8A360081FD06 /* PBXTargetDependency */ = {
			isa = PBXTargetDependency;
			target = C05F3B292AAE8A350081FD06 /* onX Weather */;
			targetProxy = C05F3B4B2AAE8A360081FD06 /* PBXContainerItemProxy */;
		};
/* End PBXTargetDependency section */

/* Begin PBXVariantGroup section */
		C05F3B682AAE8A840081FD06 /* LaunchScreen.storyboard */ = {
			isa = PBXVariantGroup;
			children = (
				C05F3B692AAE8A840081FD06 /* Base */,
			);
			name = LaunchScreen.storyboard;
			sourceTree = "<group>";
		};
/* End PBXVariantGroup section */

/* Begin XCBuildConfiguration section */
		C05F3B522AAE8A360081FD06 /* Debug */ = {
			isa = XCBuildConfiguration;
			buildSettings = {
				ALWAYS_SEARCH_USER_PATHS = NO;
				CLANG_ANALYZER_NONNULL = YES;
				CLANG_ANALYZER_NUMBER_OBJECT_CONVERSION = YES_AGGRESSIVE;
				CLANG_CXX_LANGUAGE_STANDARD = "gnu++20";
				CLANG_ENABLE_MODULES = YES;
				CLANG_ENABLE_OBJC_ARC = YES;
				CLANG_ENABLE_OBJC_WEAK = YES;
				CLANG_WARN_BLOCK_CAPTURE_AUTORELEASING = YES;
				CLANG_WARN_BOOL_CONVERSION = YES;
				CLANG_WARN_COMMA = YES;
				CLANG_WARN_CONSTANT_CONVERSION = YES;
				CLANG_WARN_DEPRECATED_OBJC_IMPLEMENTATIONS = YES;
				CLANG_WARN_DIRECT_OBJC_ISA_USAGE = YES_ERROR;
				CLANG_WARN_DOCUMENTATION_COMMENTS = YES;
				CLANG_WARN_EMPTY_BODY = YES;
				CLANG_WARN_ENUM_CONVERSION = YES;
				CLANG_WARN_INFINITE_RECURSION = YES;
				CLANG_WARN_INT_CONVERSION = YES;
				CLANG_WARN_NON_LITERAL_NULL_CONVERSION = YES;
				CLANG_WARN_OBJC_IMPLICIT_RETAIN_SELF = YES;
				CLANG_WARN_OBJC_LITERAL_CONVERSION = YES;
				CLANG_WARN_OBJC_ROOT_CLASS = YES_ERROR;
				CLANG_WARN_QUOTED_INCLUDE_IN_FRAMEWORK_HEADER = YES;
				CLANG_WARN_RANGE_LOOP_ANALYSIS = YES;
				CLANG_WARN_STRICT_PROTOTYPES = YES;
				CLANG_WARN_SUSPICIOUS_MOVE = YES;
				CLANG_WARN_UNGUARDED_AVAILABILITY = YES_AGGRESSIVE;
				CLANG_WARN_UNREACHABLE_CODE = YES;
				CLANG_WARN__DUPLICATE_METHOD_MATCH = YES;
				COPY_PHASE_STRIP = NO;
				DEBUG_INFORMATION_FORMAT = dwarf;
				ENABLE_STRICT_OBJC_MSGSEND = YES;
				ENABLE_TESTABILITY = YES;
				GCC_C_LANGUAGE_STANDARD = gnu11;
				GCC_DYNAMIC_NO_PIC = NO;
				GCC_NO_COMMON_BLOCKS = YES;
				GCC_OPTIMIZATION_LEVEL = 0;
				GCC_PREPROCESSOR_DEFINITIONS = (
					"DEBUG=1",
					"$(inherited)",
				);
				GCC_WARN_64_TO_32_BIT_CONVERSION = YES;
				GCC_WARN_ABOUT_RETURN_TYPE = YES_ERROR;
				GCC_WARN_UNDECLARED_SELECTOR = YES;
				GCC_WARN_UNINITIALIZED_AUTOS = YES_AGGRESSIVE;
				GCC_WARN_UNUSED_FUNCTION = YES;
				GCC_WARN_UNUSED_VARIABLE = YES;
				IPHONEOS_DEPLOYMENT_TARGET = 15.0;
				MTL_ENABLE_DEBUG_INFO = INCLUDE_SOURCE;
				MTL_FAST_MATH = YES;
				ONLY_ACTIVE_ARCH = YES;
				SDKROOT = iphoneos;
				SWIFT_ACTIVE_COMPILATION_CONDITIONS = DEBUG;
				SWIFT_OPTIMIZATION_LEVEL = "-Onone";
			};
			name = Debug;
		};
		C05F3B532AAE8A360081FD06 /* Release */ = {
			isa = XCBuildConfiguration;
			buildSettings = {
				ALWAYS_SEARCH_USER_PATHS = NO;
				CLANG_ANALYZER_NONNULL = YES;
				CLANG_ANALYZER_NUMBER_OBJECT_CONVERSION = YES_AGGRESSIVE;
				CLANG_CXX_LANGUAGE_STANDARD = "gnu++20";
				CLANG_ENABLE_MODULES = YES;
				CLANG_ENABLE_OBJC_ARC = YES;
				CLANG_ENABLE_OBJC_WEAK = YES;
				CLANG_WARN_BLOCK_CAPTURE_AUTORELEASING = YES;
				CLANG_WARN_BOOL_CONVERSION = YES;
				CLANG_WARN_COMMA = YES;
				CLANG_WARN_CONSTANT_CONVERSION = YES;
				CLANG_WARN_DEPRECATED_OBJC_IMPLEMENTATIONS = YES;
				CLANG_WARN_DIRECT_OBJC_ISA_USAGE = YES_ERROR;
				CLANG_WARN_DOCUMENTATION_COMMENTS = YES;
				CLANG_WARN_EMPTY_BODY = YES;
				CLANG_WARN_ENUM_CONVERSION = YES;
				CLANG_WARN_INFINITE_RECURSION = YES;
				CLANG_WARN_INT_CONVERSION = YES;
				CLANG_WARN_NON_LITERAL_NULL_CONVERSION = YES;
				CLANG_WARN_OBJC_IMPLICIT_RETAIN_SELF = YES;
				CLANG_WARN_OBJC_LITERAL_CONVERSION = YES;
				CLANG_WARN_OBJC_ROOT_CLASS = YES_ERROR;
				CLANG_WARN_QUOTED_INCLUDE_IN_FRAMEWORK_HEADER = YES;
				CLANG_WARN_RANGE_LOOP_ANALYSIS = YES;
				CLANG_WARN_STRICT_PROTOTYPES = YES;
				CLANG_WARN_SUSPICIOUS_MOVE = YES;
				CLANG_WARN_UNGUARDED_AVAILABILITY = YES_AGGRESSIVE;
				CLANG_WARN_UNREACHABLE_CODE = YES;
				CLANG_WARN__DUPLICATE_METHOD_MATCH = YES;
				COPY_PHASE_STRIP = NO;
				DEBUG_INFORMATION_FORMAT = "dwarf-with-dsym";
				ENABLE_NS_ASSERTIONS = NO;
				ENABLE_STRICT_OBJC_MSGSEND = YES;
				GCC_C_LANGUAGE_STANDARD = gnu11;
				GCC_NO_COMMON_BLOCKS = YES;
				GCC_WARN_64_TO_32_BIT_CONVERSION = YES;
				GCC_WARN_ABOUT_RETURN_TYPE = YES_ERROR;
				GCC_WARN_UNDECLARED_SELECTOR = YES;
				GCC_WARN_UNINITIALIZED_AUTOS = YES_AGGRESSIVE;
				GCC_WARN_UNUSED_FUNCTION = YES;
				GCC_WARN_UNUSED_VARIABLE = YES;
				IPHONEOS_DEPLOYMENT_TARGET = 15.0;
				MTL_ENABLE_DEBUG_INFO = NO;
				MTL_FAST_MATH = YES;
				SDKROOT = iphoneos;
				SWIFT_COMPILATION_MODE = wholemodule;
				SWIFT_OPTIMIZATION_LEVEL = "-O";
				VALIDATE_PRODUCT = YES;
			};
			name = Release;
		};
		C05F3B552AAE8A360081FD06 /* Debug */ = {
			isa = XCBuildConfiguration;
			buildSettings = {
				ASSETCATALOG_COMPILER_APPICON_NAME = AppIcon;
				ASSETCATALOG_COMPILER_INCLUDE_ALL_APPICON_ASSETS = YES;
				CODE_SIGN_STYLE = Automatic;
				CURRENT_PROJECT_VERSION = 1;
				DEVELOPMENT_TEAM = R4AX8KY55Q;
				GENERATE_INFOPLIST_FILE = YES;
				INFOPLIST_FILE = "onX Weather/Info.plist";
				INFOPLIST_KEY_CFBundleDisplayName = "onX Weather";
				INFOPLIST_KEY_UIApplicationSupportsIndirectInputEvents = YES;
				INFOPLIST_KEY_UILaunchStoryboardName = LaunchScreen.storyboard;
				INFOPLIST_KEY_UISupportedInterfaceOrientations_iPhone = "UIInterfaceOrientationPortrait UIInterfaceOrientationLandscapeLeft UIInterfaceOrientationLandscapeRight";
				IPHONEOS_DEPLOYMENT_TARGET = 15.0;
				LD_RUNPATH_SEARCH_PATHS = (
					"$(inherited)",
					"@executable_path/Frameworks",
				);
				MARKETING_VERSION = 1.0;
				PRODUCT_BUNDLE_IDENTIFIER = "lang.josh.onX-Weather";
				PRODUCT_NAME = "$(TARGET_NAME)";
				SUPPORTED_PLATFORMS = "iphoneos iphonesimulator";
				SUPPORTS_MACCATALYST = NO;
				SUPPORTS_MAC_DESIGNED_FOR_IPHONE_IPAD = NO;
				SWIFT_EMIT_LOC_STRINGS = YES;
				SWIFT_VERSION = 5.0;
				TARGETED_DEVICE_FAMILY = 1;
			};
			name = Debug;
		};
		C05F3B562AAE8A360081FD06 /* Release */ = {
			isa = XCBuildConfiguration;
			buildSettings = {
				ASSETCATALOG_COMPILER_APPICON_NAME = AppIcon;
				ASSETCATALOG_COMPILER_INCLUDE_ALL_APPICON_ASSETS = YES;
				CODE_SIGN_STYLE = Automatic;
				CURRENT_PROJECT_VERSION = 1;
				DEVELOPMENT_TEAM = R4AX8KY55Q;
				GENERATE_INFOPLIST_FILE = YES;
				INFOPLIST_FILE = "onX Weather/Info.plist";
				INFOPLIST_KEY_CFBundleDisplayName = "onX Weather";
				INFOPLIST_KEY_UIApplicationSupportsIndirectInputEvents = YES;
				INFOPLIST_KEY_UILaunchStoryboardName = LaunchScreen.storyboard;
				INFOPLIST_KEY_UISupportedInterfaceOrientations_iPhone = "UIInterfaceOrientationPortrait UIInterfaceOrientationLandscapeLeft UIInterfaceOrientationLandscapeRight";
				IPHONEOS_DEPLOYMENT_TARGET = 15.0;
				LD_RUNPATH_SEARCH_PATHS = (
					"$(inherited)",
					"@executable_path/Frameworks",
				);
				MARKETING_VERSION = 1.0;
				PRODUCT_BUNDLE_IDENTIFIER = "lang.josh.onX-Weather";
				PRODUCT_NAME = "$(TARGET_NAME)";
				SUPPORTED_PLATFORMS = "iphoneos iphonesimulator";
				SUPPORTS_MACCATALYST = NO;
				SUPPORTS_MAC_DESIGNED_FOR_IPHONE_IPAD = NO;
				SWIFT_EMIT_LOC_STRINGS = YES;
				SWIFT_VERSION = 5.0;
				TARGETED_DEVICE_FAMILY = 1;
			};
			name = Release;
		};
		C05F3B582AAE8A360081FD06 /* Debug */ = {
			isa = XCBuildConfiguration;
			buildSettings = {
				ALWAYS_EMBED_SWIFT_STANDARD_LIBRARIES = YES;
				BUNDLE_LOADER = "$(TEST_HOST)";
				CODE_SIGN_STYLE = Automatic;
				CURRENT_PROJECT_VERSION = 1;
				DEVELOPMENT_TEAM = R4AX8KY55Q;
				GENERATE_INFOPLIST_FILE = YES;
				IPHONEOS_DEPLOYMENT_TARGET = 16.4;
				MARKETING_VERSION = 1.0;
				PRODUCT_BUNDLE_IDENTIFIER = "lang.josh.onX-WeatherTests";
				PRODUCT_NAME = "$(TARGET_NAME)";
				SWIFT_EMIT_LOC_STRINGS = NO;
				SWIFT_VERSION = 5.0;
				TARGETED_DEVICE_FAMILY = "1,2";
				TEST_HOST = "$(BUILT_PRODUCTS_DIR)/onX Weather.app/$(BUNDLE_EXECUTABLE_FOLDER_PATH)/onX Weather";
			};
			name = Debug;
		};
		C05F3B592AAE8A360081FD06 /* Release */ = {
			isa = XCBuildConfiguration;
			buildSettings = {
				ALWAYS_EMBED_SWIFT_STANDARD_LIBRARIES = YES;
				BUNDLE_LOADER = "$(TEST_HOST)";
				CODE_SIGN_STYLE = Automatic;
				CURRENT_PROJECT_VERSION = 1;
				DEVELOPMENT_TEAM = R4AX8KY55Q;
				GENERATE_INFOPLIST_FILE = YES;
				IPHONEOS_DEPLOYMENT_TARGET = 16.4;
				MARKETING_VERSION = 1.0;
				PRODUCT_BUNDLE_IDENTIFIER = "lang.josh.onX-WeatherTests";
				PRODUCT_NAME = "$(TARGET_NAME)";
				SWIFT_EMIT_LOC_STRINGS = NO;
				SWIFT_VERSION = 5.0;
				TARGETED_DEVICE_FAMILY = "1,2";
				TEST_HOST = "$(BUILT_PRODUCTS_DIR)/onX Weather.app/$(BUNDLE_EXECUTABLE_FOLDER_PATH)/onX Weather";
			};
			name = Release;
		};
		C05F3B5B2AAE8A360081FD06 /* Debug */ = {
			isa = XCBuildConfiguration;
			buildSettings = {
				ALWAYS_EMBED_SWIFT_STANDARD_LIBRARIES = YES;
				CODE_SIGN_STYLE = Automatic;
				CURRENT_PROJECT_VERSION = 1;
				DEVELOPMENT_TEAM = R4AX8KY55Q;
				GENERATE_INFOPLIST_FILE = YES;
				MARKETING_VERSION = 1.0;
				PRODUCT_BUNDLE_IDENTIFIER = "lang.josh.onX-WeatherUITests";
				PRODUCT_NAME = "$(TARGET_NAME)";
				SWIFT_EMIT_LOC_STRINGS = NO;
				SWIFT_VERSION = 5.0;
				TARGETED_DEVICE_FAMILY = "1,2";
				TEST_TARGET_NAME = "onX Weather";
			};
			name = Debug;
		};
		C05F3B5C2AAE8A360081FD06 /* Release */ = {
			isa = XCBuildConfiguration;
			buildSettings = {
				ALWAYS_EMBED_SWIFT_STANDARD_LIBRARIES = YES;
				CODE_SIGN_STYLE = Automatic;
				CURRENT_PROJECT_VERSION = 1;
				DEVELOPMENT_TEAM = R4AX8KY55Q;
				GENERATE_INFOPLIST_FILE = YES;
				MARKETING_VERSION = 1.0;
				PRODUCT_BUNDLE_IDENTIFIER = "lang.josh.onX-WeatherUITests";
				PRODUCT_NAME = "$(TARGET_NAME)";
				SWIFT_EMIT_LOC_STRINGS = NO;
				SWIFT_VERSION = 5.0;
				TARGETED_DEVICE_FAMILY = "1,2";
				TEST_TARGET_NAME = "onX Weather";
			};
			name = Release;
		};
/* End XCBuildConfiguration section */

/* Begin XCConfigurationList section */
		C05F3B252AAE8A350081FD06 /* Build configuration list for PBXProject "onX Weather" */ = {
			isa = XCConfigurationList;
			buildConfigurations = (
				C05F3B522AAE8A360081FD06 /* Debug */,
				C05F3B532AAE8A360081FD06 /* Release */,
			);
			defaultConfigurationIsVisible = 0;
			defaultConfigurationName = Release;
		};
		C05F3B542AAE8A360081FD06 /* Build configuration list for PBXNativeTarget "onX Weather" */ = {
			isa = XCConfigurationList;
			buildConfigurations = (
				C05F3B552AAE8A360081FD06 /* Debug */,
				C05F3B562AAE8A360081FD06 /* Release */,
			);
			defaultConfigurationIsVisible = 0;
			defaultConfigurationName = Release;
		};
		C05F3B572AAE8A360081FD06 /* Build configuration list for PBXNativeTarget "onX WeatherTests" */ = {
			isa = XCConfigurationList;
			buildConfigurations = (
				C05F3B582AAE8A360081FD06 /* Debug */,
				C05F3B592AAE8A360081FD06 /* Release */,
			);
			defaultConfigurationIsVisible = 0;
			defaultConfigurationName = Release;
		};
		C05F3B5A2AAE8A360081FD06 /* Build configuration list for PBXNativeTarget "onX WeatherUITests" */ = {
			isa = XCConfigurationList;
			buildConfigurations = (
				C05F3B5B2AAE8A360081FD06 /* Debug */,
				C05F3B5C2AAE8A360081FD06 /* Release */,
			);
			defaultConfigurationIsVisible = 0;
			defaultConfigurationName = Release;
		};
/* End XCConfigurationList section */
	};
	rootObject = C05F3B222AAE8A350081FD06 /* Project object */;
}
